// !$*UTF8*$!
{
	archiveVersion = 1;
	classes = {
	};
	objectVersion = 55;
	objects = {

/* Begin PBXBuildFile section */
		896EDF7F2803CEC0008A06F8 /* AppDelegate.swift in Sources */ = {isa = PBXBuildFile; fileRef = 896EDF7E2803CEC0008A06F8 /* AppDelegate.swift */; };
		896EDF832803CEC0008A06F8 /* ViewController.swift in Sources */ = {isa = PBXBuildFile; fileRef = 896EDF822803CEC0008A06F8 /* ViewController.swift */; };
		896EDF862803CEC0008A06F8 /* Main.storyboard in Resources */ = {isa = PBXBuildFile; fileRef = 896EDF842803CEC0008A06F8 /* Main.storyboard */; };
		896EDF882803CEC4008A06F8 /* Assets.xcassets in Resources */ = {isa = PBXBuildFile; fileRef = 896EDF872803CEC4008A06F8 /* Assets.xcassets */; };
		896EDF8B2803CEC4008A06F8 /* LaunchScreen.storyboard in Resources */ = {isa = PBXBuildFile; fileRef = 896EDF892803CEC4008A06F8 /* LaunchScreen.storyboard */; };
		F2105D12AA8837F0372F7208 /* Pods_SkinCareLive.framework in Frameworks */ = {isa = PBXBuildFile; fileRef = D4532E30281D4B111B691178 /* Pods_SkinCareLive.framework */; };
/* End PBXBuildFile section */

/* Begin PBXFileReference section */
		22411D51AFA9CD1BD4110B70 /* Pods-SkinCareLive.debug.xcconfig */ = {isa = PBXFileReference; includeInIndex = 1; lastKnownFileType = text.xcconfig; name = "Pods-SkinCareLive.debug.xcconfig"; path = "Target Support Files/Pods-SkinCareLive/Pods-SkinCareLive.debug.xcconfig"; sourceTree = "<group>"; };
		254DA1D5BB5D85F99AC2F1C0 /* Pods-SkinCareLive.release.xcconfig */ = {isa = PBXFileReference; includeInIndex = 1; lastKnownFileType = text.xcconfig; name = "Pods-SkinCareLive.release.xcconfig"; path = "Target Support Files/Pods-SkinCareLive/Pods-SkinCareLive.release.xcconfig"; sourceTree = "<group>"; };
		896EDF7B2803CEC0008A06F8 /* SkinCareLive.app */ = {isa = PBXFileReference; explicitFileType = wrapper.application; includeInIndex = 0; path = SkinCareLive.app; sourceTree = BUILT_PRODUCTS_DIR; };
		896EDF7E2803CEC0008A06F8 /* AppDelegate.swift */ = {isa = PBXFileReference; lastKnownFileType = sourcecode.swift; path = AppDelegate.swift; sourceTree = "<group>"; };
		896EDF822803CEC0008A06F8 /* ViewController.swift */ = {isa = PBXFileReference; lastKnownFileType = sourcecode.swift; path = ViewController.swift; sourceTree = "<group>"; };
		896EDF852803CEC0008A06F8 /* Base */ = {isa = PBXFileReference; lastKnownFileType = file.storyboard; name = Base; path = Base.lproj/Main.storyboard; sourceTree = "<group>"; };
		896EDF872803CEC4008A06F8 /* Assets.xcassets */ = {isa = PBXFileReference; lastKnownFileType = folder.assetcatalog; path = Assets.xcassets; sourceTree = "<group>"; };
		896EDF8A2803CEC4008A06F8 /* Base */ = {isa = PBXFileReference; lastKnownFileType = file.storyboard; name = Base; path = Base.lproj/LaunchScreen.storyboard; sourceTree = "<group>"; };
		896EDF8C2803CEC4008A06F8 /* Info.plist */ = {isa = PBXFileReference; lastKnownFileType = text.plist.xml; path = Info.plist; sourceTree = "<group>"; };
		D4532E30281D4B111B691178 /* Pods_SkinCareLive.framework */ = {isa = PBXFileReference; explicitFileType = wrapper.framework; includeInIndex = 0; path = Pods_SkinCareLive.framework; sourceTree = BUILT_PRODUCTS_DIR; };
/* End PBXFileReference section */

/* Begin PBXFrameworksBuildPhase section */
		896EDF782803CEC0008A06F8 /* Frameworks */ = {
			isa = PBXFrameworksBuildPhase;
			buildActionMask = 2147483647;
			files = (
				F2105D12AA8837F0372F7208 /* Pods_SkinCareLive.framework in Frameworks */,
			);
			runOnlyForDeploymentPostprocessing = 0;
		};
/* End PBXFrameworksBuildPhase section */

/* Begin PBXGroup section */
		5966615381EBF66F531127E1 /* Pods */ = {
			isa = PBXGroup;
			children = (
				22411D51AFA9CD1BD4110B70 /* Pods-SkinCareLive.debug.xcconfig */,
				254DA1D5BB5D85F99AC2F1C0 /* Pods-SkinCareLive.release.xcconfig */,
			);
			path = Pods;
			sourceTree = "<group>";
		};
		896EDF722803CEC0008A06F8 = {
			isa = PBXGroup;
			children = (
				896EDF7D2803CEC0008A06F8 /* SkinCareLive */,
				896EDF7C2803CEC0008A06F8 /* Products */,
				5966615381EBF66F531127E1 /* Pods */,
				A5F0253296454FD4684E08A5 /* Frameworks */,
			);
			sourceTree = "<group>";
		};
		896EDF7C2803CEC0008A06F8 /* Products */ = {
			isa = PBXGroup;
			children = (
				896EDF7B2803CEC0008A06F8 /* SkinCareLive.app */,
			);
			name = Products;
			sourceTree = "<group>";
		};
		896EDF7D2803CEC0008A06F8 /* SkinCareLive */ = {
			isa = PBXGroup;
			children = (
				896EDF7E2803CEC0008A06F8 /* AppDelegate.swift */,
				896EDF822803CEC0008A06F8 /* ViewController.swift */,
				896EDF842803CEC0008A06F8 /* Main.storyboard */,
				896EDF872803CEC4008A06F8 /* Assets.xcassets */,
				896EDF892803CEC4008A06F8 /* LaunchScreen.storyboard */,
				896EDF8C2803CEC4008A06F8 /* Info.plist */,
			);
			path = SkinCareLive;
			sourceTree = "<group>";
		};
		A5F0253296454FD4684E08A5 /* Frameworks */ = {
			isa = PBXGroup;
			children = (
				D4532E30281D4B111B691178 /* Pods_SkinCareLive.framework */,
			);
			name = Frameworks;
			sourceTree = "<group>";
		};
/* End PBXGroup section */

/* Begin PBXNativeTarget section */
		896EDF7A2803CEC0008A06F8 /* SkinCareLive */ = {
			isa = PBXNativeTarget;
			buildConfigurationList = 896EDF8F2803CEC4008A06F8 /* Build configuration list for PBXNativeTarget "SkinCareLive" */;
			buildPhases = (
				E4705D4F45C27DBA64493AD3 /* [CP] Check Pods Manifest.lock */,
				896EDF772803CEC0008A06F8 /* Sources */,
				896EDF782803CEC0008A06F8 /* Frameworks */,
				896EDF792803CEC0008A06F8 /* Resources */,
				45223820B15B4CBE6928EAD9 /* [CP] Embed Pods Frameworks */,
			);
			buildRules = (
			);
			dependencies = (
			);
			name = SkinCareLive;
			productName = SkinCareLive;
			productReference = 896EDF7B2803CEC0008A06F8 /* SkinCareLive.app */;
			productType = "com.apple.product-type.application";
		};
/* End PBXNativeTarget section */

/* Begin PBXProject section */
		896EDF732803CEC0008A06F8 /* Project object */ = {
			isa = PBXProject;
			attributes = {
				BuildIndependentTargetsInParallel = 1;
				LastSwiftUpdateCheck = 1330;
				LastUpgradeCheck = 1330;
				TargetAttributes = {
					896EDF7A2803CEC0008A06F8 = {
						CreatedOnToolsVersion = 13.3;
					};
				};
			};
			buildConfigurationList = 896EDF762803CEC0008A06F8 /* Build configuration list for PBXProject "SkinCareLive" */;
			compatibilityVersion = "Xcode 13.0";
			developmentRegion = en;
			hasScannedForEncodings = 0;
			knownRegions = (
				en,
				Base,
			);
			mainGroup = 896EDF722803CEC0008A06F8;
			productRefGroup = 896EDF7C2803CEC0008A06F8 /* Products */;
			projectDirPath = "";
			projectRoot = "";
			targets = (
				896EDF7A2803CEC0008A06F8 /* SkinCareLive */,
			);
		};
/* End PBXProject section */

/* Begin PBXResourcesBuildPhase section */
		896EDF792803CEC0008A06F8 /* Resources */ = {
			isa = PBXResourcesBuildPhase;
			buildActionMask = 2147483647;
			files = (
				896EDF8B2803CEC4008A06F8 /* LaunchScreen.storyboard in Resources */,
				896EDF882803CEC4008A06F8 /* Assets.xcassets in Resources */,
				896EDF862803CEC0008A06F8 /* Main.storyboard in Resources */,
			);
			runOnlyForDeploymentPostprocessing = 0;
		};
/* End PBXResourcesBuildPhase section */

/* Begin PBXShellScriptBuildPhase section */
		45223820B15B4CBE6928EAD9 /* [CP] Embed Pods Frameworks */ = {
			isa = PBXShellScriptBuildPhase;
			buildActionMask = 2147483647;
			files = (
			);
			inputFileListPaths = (
				"${PODS_ROOT}/Target Support Files/Pods-SkinCareLive/Pods-SkinCareLive-frameworks-${CONFIGURATION}-input-files.xcfilelist",
			);
			name = "[CP] Embed Pods Frameworks";
			outputFileListPaths = (
				"${PODS_ROOT}/Target Support Files/Pods-SkinCareLive/Pods-SkinCareLive-frameworks-${CONFIGURATION}-output-files.xcfilelist",
			);
			runOnlyForDeploymentPostprocessing = 0;
			shellPath = /bin/sh;
			shellScript = "\"${PODS_ROOT}/Target Support Files/Pods-SkinCareLive/Pods-SkinCareLive-frameworks.sh\"\n";
			showEnvVarsInLog = 0;
		};
		E4705D4F45C27DBA64493AD3 /* [CP] Check Pods Manifest.lock */ = {
			isa = PBXShellScriptBuildPhase;
			buildActionMask = 2147483647;
			files = (
			);
			inputFileListPaths = (
			);
			inputPaths = (
				"${PODS_PODFILE_DIR_PATH}/Podfile.lock",
				"${PODS_ROOT}/Manifest.lock",
			);
			name = "[CP] Check Pods Manifest.lock";
			outputFileListPaths = (
			);
			outputPaths = (
				"$(DERIVED_FILE_DIR)/Pods-SkinCareLive-checkManifestLockResult.txt",
			);
			runOnlyForDeploymentPostprocessing = 0;
			shellPath = /bin/sh;
			shellScript = "diff \"${PODS_PODFILE_DIR_PATH}/Podfile.lock\" \"${PODS_ROOT}/Manifest.lock\" > /dev/null\nif [ $? != 0 ] ; then\n    # print error to STDERR\n    echo \"error: The sandbox is not in sync with the Podfile.lock. Run 'pod install' or update your CocoaPods installation.\" >&2\n    exit 1\nfi\n# This output is used by Xcode 'outputs' to avoid re-running this script phase.\necho \"SUCCESS\" > \"${SCRIPT_OUTPUT_FILE_0}\"\n";
			showEnvVarsInLog = 0;
		};
/* End PBXShellScriptBuildPhase section */

/* Begin PBXSourcesBuildPhase section */
		896EDF772803CEC0008A06F8 /* Sources */ = {
			isa = PBXSourcesBuildPhase;
			buildActionMask = 2147483647;
			files = (
				896EDF832803CEC0008A06F8 /* ViewController.swift in Sources */,
				896EDF7F2803CEC0008A06F8 /* AppDelegate.swift in Sources */,
			);
			runOnlyForDeploymentPostprocessing = 0;
		};
/* End PBXSourcesBuildPhase section */

/* Begin PBXVariantGroup section */
		896EDF842803CEC0008A06F8 /* Main.storyboard */ = {
			isa = PBXVariantGroup;
			children = (
				896EDF852803CEC0008A06F8 /* Base */,
			);
			name = Main.storyboard;
			sourceTree = "<group>";
		};
		896EDF892803CEC4008A06F8 /* LaunchScreen.storyboard */ = {
			isa = PBXVariantGroup;
			children = (
				896EDF8A2803CEC4008A06F8 /* Base */,
			);
			name = LaunchScreen.storyboard;
			sourceTree = "<group>";
		};
/* End PBXVariantGroup section */

/* Begin XCBuildConfiguration section */
		896EDF8D2803CEC4008A06F8 /* Debug */ = {
			isa = XCBuildConfiguration;
			buildSettings = {
				ALWAYS_SEARCH_USER_PATHS = NO;
				CLANG_ANALYZER_NONNULL = YES;
				CLANG_ANALYZER_NUMBER_OBJECT_CONVERSION = YES_AGGRESSIVE;
				CLANG_CXX_LANGUAGE_STANDARD = "gnu++17";
				CLANG_ENABLE_MODULES = YES;
				CLANG_ENABLE_OBJC_ARC = YES;
				CLANG_ENABLE_OBJC_WEAK = YES;
				CLANG_WARN_BLOCK_CAPTURE_AUTORELEASING = YES;
				CLANG_WARN_BOOL_CONVERSION = YES;
				CLANG_WARN_COMMA = YES;
				CLANG_WARN_CONSTANT_CONVERSION = YES;
				CLANG_WARN_DEPRECATED_OBJC_IMPLEMENTATIONS = YES;
				CLANG_WARN_DIRECT_OBJC_ISA_USAGE = YES_ERROR;
				CLANG_WARN_DOCUMENTATION_COMMENTS = YES;
				CLANG_WARN_EMPTY_BODY = YES;
				CLANG_WARN_ENUM_CONVERSION = YES;
				CLANG_WARN_INFINITE_RECURSION = YES;
				CLANG_WARN_INT_CONVERSION = YES;
				CLANG_WARN_NON_LITERAL_NULL_CONVERSION = YES;
				CLANG_WARN_OBJC_IMPLICIT_RETAIN_SELF = YES;
				CLANG_WARN_OBJC_LITERAL_CONVERSION = YES;
				CLANG_WARN_OBJC_ROOT_CLASS = YES_ERROR;
				CLANG_WARN_QUOTED_INCLUDE_IN_FRAMEWORK_HEADER = YES;
				CLANG_WARN_RANGE_LOOP_ANALYSIS = YES;
				CLANG_WARN_STRICT_PROTOTYPES = YES;
				CLANG_WARN_SUSPICIOUS_MOVE = YES;
				CLANG_WARN_UNGUARDED_AVAILABILITY = YES_AGGRESSIVE;
				CLANG_WARN_UNREACHABLE_CODE = YES;
				CLANG_WARN__DUPLICATE_METHOD_MATCH = YES;
				COPY_PHASE_STRIP = NO;
				DEBUG_INFORMATION_FORMAT = dwarf;
				ENABLE_STRICT_OBJC_MSGSEND = YES;
				ENABLE_TESTABILITY = YES;
				GCC_C_LANGUAGE_STANDARD = gnu11;
				GCC_DYNAMIC_NO_PIC = NO;
				GCC_NO_COMMON_BLOCKS = YES;
				GCC_OPTIMIZATION_LEVEL = 0;
				GCC_PREPROCESSOR_DEFINITIONS = (
					"DEBUG=1",
					"$(inherited)",
				);
				GCC_WARN_64_TO_32_BIT_CONVERSION = YES;
				GCC_WARN_ABOUT_RETURN_TYPE = YES_ERROR;
				GCC_WARN_UNDECLARED_SELECTOR = YES;
				GCC_WARN_UNINITIALIZED_AUTOS = YES_AGGRESSIVE;
				GCC_WARN_UNUSED_FUNCTION = YES;
				GCC_WARN_UNUSED_VARIABLE = YES;
				IPHONEOS_DEPLOYMENT_TARGET = 15.4;
				MTL_ENABLE_DEBUG_INFO = INCLUDE_SOURCE;
				MTL_FAST_MATH = YES;
				ONLY_ACTIVE_ARCH = YES;
				SDKROOT = iphoneos;
				SWIFT_ACTIVE_COMPILATION_CONDITIONS = DEBUG;
				SWIFT_OPTIMIZATION_LEVEL = "-Onone";
			};
			name = Debug;
		};
		896EDF8E2803CEC4008A06F8 /* Release */ = {
			isa = XCBuildConfiguration;
			buildSettings = {
				ALWAYS_SEARCH_USER_PATHS = NO;
				CLANG_ANALYZER_NONNULL = YES;
				CLANG_ANALYZER_NUMBER_OBJECT_CONVERSION = YES_AGGRESSIVE;
				CLANG_CXX_LANGUAGE_STANDARD = "gnu++17";
				CLANG_ENABLE_MODULES = YES;
				CLANG_ENABLE_OBJC_ARC = YES;
				CLANG_ENABLE_OBJC_WEAK = YES;
				CLANG_WARN_BLOCK_CAPTURE_AUTORELEASING = YES;
				CLANG_WARN_BOOL_CONVERSION = YES;
				CLANG_WARN_COMMA = YES;
				CLANG_WARN_CONSTANT_CONVERSION = YES;
				CLANG_WARN_DEPRECATED_OBJC_IMPLEMENTATIONS = YES;
				CLANG_WARN_DIRECT_OBJC_ISA_USAGE = YES_ERROR;
				CLANG_WARN_DOCUMENTATION_COMMENTS = YES;
				CLANG_WARN_EMPTY_BODY = YES;
				CLANG_WARN_ENUM_CONVERSION = YES;
				CLANG_WARN_INFINITE_RECURSION = YES;
				CLANG_WARN_INT_CONVERSION = YES;
				CLANG_WARN_NON_LITERAL_NULL_CONVERSION = YES;
				CLANG_WARN_OBJC_IMPLICIT_RETAIN_SELF = YES;
				CLANG_WARN_OBJC_LITERAL_CONVERSION = YES;
				CLANG_WARN_OBJC_ROOT_CLASS = YES_ERROR;
				CLANG_WARN_QUOTED_INCLUDE_IN_FRAMEWORK_HEADER = YES;
				CLANG_WARN_RANGE_LOOP_ANALYSIS = YES;
				CLANG_WARN_STRICT_PROTOTYPES = YES;
				CLANG_WARN_SUSPICIOUS_MOVE = YES;
				CLANG_WARN_UNGUARDED_AVAILABILITY = YES_AGGRESSIVE;
				CLANG_WARN_UNREACHABLE_CODE = YES;
				CLANG_WARN__DUPLICATE_METHOD_MATCH = YES;
				COPY_PHASE_STRIP = NO;
				DEBUG_INFORMATION_FORMAT = "dwarf-with-dsym";
				ENABLE_NS_ASSERTIONS = NO;
				ENABLE_STRICT_OBJC_MSGSEND = YES;
				GCC_C_LANGUAGE_STANDARD = gnu11;
				GCC_NO_COMMON_BLOCKS = YES;
				GCC_WARN_64_TO_32_BIT_CONVERSION = YES;
				GCC_WARN_ABOUT_RETURN_TYPE = YES_ERROR;
				GCC_WARN_UNDECLARED_SELECTOR = YES;
				GCC_WARN_UNINITIALIZED_AUTOS = YES_AGGRESSIVE;
				GCC_WARN_UNUSED_FUNCTION = YES;
				GCC_WARN_UNUSED_VARIABLE = YES;
				IPHONEOS_DEPLOYMENT_TARGET = 15.4;
				MTL_ENABLE_DEBUG_INFO = NO;
				MTL_FAST_MATH = YES;
				SDKROOT = iphoneos;
				SWIFT_COMPILATION_MODE = wholemodule;
				SWIFT_OPTIMIZATION_LEVEL = "-O";
				VALIDATE_PRODUCT = YES;
			};
			name = Release;
		};
		896EDF902803CEC4008A06F8 /* Debug */ = {
			isa = XCBuildConfiguration;
			baseConfigurationReference = 22411D51AFA9CD1BD4110B70 /* Pods-SkinCareLive.debug.xcconfig */;
			buildSettings = {
				ASSETCATALOG_COMPILER_APPICON_NAME = AppIcon;
				ASSETCATALOG_COMPILER_GLOBAL_ACCENT_COLOR_NAME = AccentColor;
				CODE_SIGN_STYLE = Automatic;
				CURRENT_PROJECT_VERSION = 1;
				DEVELOPMENT_TEAM = W3WX9TN82K;
				GENERATE_INFOPLIST_FILE = YES;
				INFOPLIST_FILE = SkinCareLive/Info.plist;
				INFOPLIST_KEY_NSCameraUsageDescription = 00000;
				INFOPLIST_KEY_NSMicrophoneUsageDescription = 1111;
				INFOPLIST_KEY_UIApplicationSupportsIndirectInputEvents = YES;
				INFOPLIST_KEY_UILaunchStoryboardName = LaunchScreen;
				INFOPLIST_KEY_UIMainStoryboardFile = Main;
				INFOPLIST_KEY_UISupportedInterfaceOrientations = UIInterfaceOrientationPortrait;
				INFOPLIST_KEY_UISupportedInterfaceOrientations_iPad = "UIInterfaceOrientationPortrait UIInterfaceOrientationPortraitUpsideDown UIInterfaceOrientationLandscapeLeft UIInterfaceOrientationLandscapeRight";
				INFOPLIST_KEY_UISupportedInterfaceOrientations_iPhone = "UIInterfaceOrientationPortrait UIInterfaceOrientationLandscapeLeft UIInterfaceOrientationLandscapeRight";
				IPHONEOS_DEPLOYMENT_TARGET = 12.0;
				LD_RUNPATH_SEARCH_PATHS = (
					"$(inherited)",
					"@executable_path/Frameworks",
				);
				MARKETING_VERSION = 1.0;
				PRODUCT_BUNDLE_IDENTIFIER = com.avmotion.cn.SkinCareLive;
				PRODUCT_NAME = "$(TARGET_NAME)";
				SWIFT_EMIT_LOC_STRINGS = YES;
				SWIFT_VERSION = 5.0;
				TARGETED_DEVICE_FAMILY = "1,2";
			};
			name = Debug;
		};
		896EDF912803CEC4008A06F8 /* Release */ = {
			isa = XCBuildConfiguration;
			baseConfigurationReference = 254DA1D5BB5D85F99AC2F1C0 /* Pods-SkinCareLive.release.xcconfig */;
			buildSettings = {
				ASSETCATALOG_COMPILER_APPICON_NAME = AppIcon;
				ASSETCATALOG_COMPILER_GLOBAL_ACCENT_COLOR_NAME = AccentColor;
				CODE_SIGN_STYLE = Automatic;
				CURRENT_PROJECT_VERSION = 1;
				DEVELOPMENT_TEAM = W3WX9TN82K;
				GENERATE_INFOPLIST_FILE = YES;
				INFOPLIST_FILE = SkinCareLive/Info.plist;
				INFOPLIST_KEY_NSCameraUsageDescription = 00000;
				INFOPLIST_KEY_NSMicrophoneUsageDescription = 1111;
				INFOPLIST_KEY_UIApplicationSupportsIndirectInputEvents = YES;
				INFOPLIST_KEY_UILaunchStoryboardName = LaunchScreen;
				INFOPLIST_KEY_UIMainStoryboardFile = Main;
				INFOPLIST_KEY_UISupportedInterfaceOrientations = UIInterfaceOrientationPortrait;
				INFOPLIST_KEY_UISupportedInterfaceOrientations_iPad = "UIInterfaceOrientationPortrait UIInterfaceOrientationPortraitUpsideDown UIInterfaceOrientationLandscapeLeft UIInterfaceOrientationLandscapeRight";
				INFOPLIST_KEY_UISupportedInterfaceOrientations_iPhone = "UIInterfaceOrientationPortrait UIInterfaceOrientationLandscapeLeft UIInterfaceOrientationLandscapeRight";
				IPHONEOS_DEPLOYMENT_TARGET = 12.0;
				LD_RUNPATH_SEARCH_PATHS = (
					"$(inherited)",
					"@executable_path/Frameworks",
				);
				MARKETING_VERSION = 1.0;
				PRODUCT_BUNDLE_IDENTIFIER = com.avmotion.cn.SkinCareLive;
				PRODUCT_NAME = "$(TARGET_NAME)";
				SWIFT_EMIT_LOC_STRINGS = YES;
				SWIFT_VERSION = 5.0;
				TARGETED_DEVICE_FAMILY = "1,2";
			};
			name = Release;
		};
/* End XCBuildConfiguration section */

/* Begin XCConfigurationList section */
		896EDF762803CEC0008A06F8 /* Build configuration list for PBXProject "SkinCareLive" */ = {
			isa = XCConfigurationList;
			buildConfigurations = (
				896EDF8D2803CEC4008A06F8 /* Debug */,
				896EDF8E2803CEC4008A06F8 /* Release */,
			);
			defaultConfigurationIsVisible = 0;
			defaultConfigurationName = Release;
		};
		896EDF8F2803CEC4008A06F8 /* Build configuration list for PBXNativeTarget "SkinCareLive" */ = {
			isa = XCConfigurationList;
			buildConfigurations = (
				896EDF902803CEC4008A06F8 /* Debug */,
				896EDF912803CEC4008A06F8 /* Release */,
			);
			defaultConfigurationIsVisible = 0;
			defaultConfigurationName = Release;
		};
/* End XCConfigurationList section */
	};
	rootObject = 896EDF732803CEC0008A06F8 /* Project object */;
}
