// !$*UTF8*$!
{
	archiveVersion = 1;
	classes = {
	};
	objectVersion = 55;
	objects = {

/* Begin PBXBuildFile section */
		8991693D28000624002BDA54 /* AppDelegate.swift in Sources */ = {isa = PBXBuildFile; fileRef = 8991693C28000624002BDA54 /* AppDelegate.swift */; };
		8991694128000624002BDA54 /* ViewController.swift in Sources */ = {isa = PBXBuildFile; fileRef = 8991694028000624002BDA54 /* ViewController.swift */; };
		8991694428000624002BDA54 /* Main.storyboard in Resources */ = {isa = PBXBuildFile; fileRef = 8991694228000624002BDA54 /* Main.storyboard */; };
		899169462800062A002BDA54 /* Assets.xcassets in Resources */ = {isa = PBXBuildFile; fileRef = 899169452800062A002BDA54 /* Assets.xcassets */; };
		899169492800062A002BDA54 /* LaunchScreen.storyboard in Resources */ = {isa = PBXBuildFile; fileRef = 899169472800062A002BDA54 /* LaunchScreen.storyboard */; };
		899169552800157F002BDA54 /* Pods_滤镜_GPUImage.framework in Frameworks */ = {isa = PBXBuildFile; fileRef = 899169542800157F002BDA54 /* Pods_滤镜_GPUImage.framework */; };
		899169562800157F002BDA54 /* Pods_滤镜_GPUImage.framework in Embed Frameworks */ = {isa = PBXBuildFile; fileRef = 899169542800157F002BDA54 /* Pods_滤镜_GPUImage.framework */; settings = {ATTRIBUTES = (CodeSignOnCopy, RemoveHeadersOnCopy, ); }; };
		8991695928002060002BDA54 /* GaussianBlur.swift in Sources */ = {isa = PBXBuildFile; fileRef = 8991695828002060002BDA54 /* GaussianBlur.swift */; };
		8991695B280026C0002BDA54 /* SkinCareCameraViewController.swift in Sources */ = {isa = PBXBuildFile; fileRef = 8991695A280026C0002BDA54 /* SkinCareCameraViewController.swift */; };
/* End PBXBuildFile section */

/* Begin PBXCopyFilesBuildPhase section */
		899169572800157F002BDA54 /* Embed Frameworks */ = {
			isa = PBXCopyFilesBuildPhase;
			buildActionMask = 2147483647;
			dstPath = "";
			dstSubfolderSpec = 10;
			files = (
				899169562800157F002BDA54 /* Pods_滤镜_GPUImage.framework in Embed Frameworks */,
			);
			name = "Embed Frameworks";
			runOnlyForDeploymentPostprocessing = 0;
		};
/* End PBXCopyFilesBuildPhase section */

/* Begin PBXFileReference section */
		056F6C497BADE9E3018D0C11 /* Pods____GPUImage.framework */ = {isa = PBXFileReference; explicitFileType = wrapper.framework; includeInIndex = 0; path = "Pods____GPUImage.framework"; sourceTree = BUILT_PRODUCTS_DIR; };
		8991693928000624002BDA54 /* 滤镜-GPUImage.app */ = {isa = PBXFileReference; explicitFileType = wrapper.application; includeInIndex = 0; path = "滤镜-GPUImage.app"; sourceTree = BUILT_PRODUCTS_DIR; };
		8991693C28000624002BDA54 /* AppDelegate.swift */ = {isa = PBXFileReference; lastKnownFileType = sourcecode.swift; path = AppDelegate.swift; sourceTree = "<group>"; };
		8991694028000624002BDA54 /* ViewController.swift */ = {isa = PBXFileReference; lastKnownFileType = sourcecode.swift; path = ViewController.swift; sourceTree = "<group>"; };
		8991694328000624002BDA54 /* Base */ = {isa = PBXFileReference; lastKnownFileType = file.storyboard; name = Base; path = Base.lproj/Main.storyboard; sourceTree = "<group>"; };
		899169452800062A002BDA54 /* Assets.xcassets */ = {isa = PBXFileReference; lastKnownFileType = folder.assetcatalog; path = Assets.xcassets; sourceTree = "<group>"; };
		899169482800062A002BDA54 /* Base */ = {isa = PBXFileReference; lastKnownFileType = file.storyboard; name = Base; path = Base.lproj/LaunchScreen.storyboard; sourceTree = "<group>"; };
		8991694A2800062A002BDA54 /* Info.plist */ = {isa = PBXFileReference; lastKnownFileType = text.plist.xml; path = Info.plist; sourceTree = "<group>"; };
		899169502800099A002BDA54 /* GPUImage.framework */ = {isa = PBXFileReference; explicitFileType = wrapper.framework; path = GPUImage.framework; sourceTree = BUILT_PRODUCTS_DIR; };
		899169542800157F002BDA54 /* Pods_滤镜_GPUImage.framework */ = {isa = PBXFileReference; explicitFileType = wrapper.framework; path = "Pods_滤镜_GPUImage.framework"; sourceTree = BUILT_PRODUCTS_DIR; };
		8991695828002060002BDA54 /* GaussianBlur.swift */ = {isa = PBXFileReference; lastKnownFileType = sourcecode.swift; path = GaussianBlur.swift; sourceTree = "<group>"; };
		8991695A280026C0002BDA54 /* SkinCareCameraViewController.swift */ = {isa = PBXFileReference; lastKnownFileType = sourcecode.swift; path = SkinCareCameraViewController.swift; sourceTree = "<group>"; };
		DB01454862387CAB80DF44CD /* Pods-滤镜-GPUImage.release.xcconfig */ = {isa = PBXFileReference; includeInIndex = 1; lastKnownFileType = text.xcconfig; name = "Pods-滤镜-GPUImage.release.xcconfig"; path = "Target Support Files/Pods-滤镜-GPUImage/Pods-滤镜-GPUImage.release.xcconfig"; sourceTree = "<group>"; };
		FF63C36DF0F196610C960841 /* Pods-滤镜-GPUImage.debug.xcconfig */ = {isa = PBXFileReference; includeInIndex = 1; lastKnownFileType = text.xcconfig; name = "Pods-滤镜-GPUImage.debug.xcconfig"; path = "Target Support Files/Pods-滤镜-GPUImage/Pods-滤镜-GPUImage.debug.xcconfig"; sourceTree = "<group>"; };
/* End PBXFileReference section */

/* Begin PBXFrameworksBuildPhase section */
		8991693628000624002BDA54 /* Frameworks */ = {
			isa = PBXFrameworksBuildPhase;
			buildActionMask = 2147483647;
			files = (
				899169552800157F002BDA54 /* Pods_滤镜_GPUImage.framework in Frameworks */,
			);
			runOnlyForDeploymentPostprocessing = 0;
		};
/* End PBXFrameworksBuildPhase section */

/* Begin PBXGroup section */
		041B7F3DFCD15ABD6A20F194 /* Frameworks */ = {
			isa = PBXGroup;
			children = (
				899169542800157F002BDA54 /* Pods_滤镜_GPUImage.framework */,
				899169502800099A002BDA54 /* GPUImage.framework */,
				056F6C497BADE9E3018D0C11 /* Pods____GPUImage.framework */,
			);
			name = Frameworks;
			sourceTree = "<group>";
		};
		3120820B9411106EAC7F05D3 /* Pods */ = {
			isa = PBXGroup;
			children = (
				FF63C36DF0F196610C960841 /* Pods-滤镜-GPUImage.debug.xcconfig */,
				DB01454862387CAB80DF44CD /* Pods-滤镜-GPUImage.release.xcconfig */,
			);
			path = Pods;
			sourceTree = "<group>";
		};
		8991693028000623002BDA54 = {
			isa = PBXGroup;
			children = (
				8991693B28000624002BDA54 /* 滤镜-GPUImage */,
				8991693A28000624002BDA54 /* Products */,
				3120820B9411106EAC7F05D3 /* Pods */,
				041B7F3DFCD15ABD6A20F194 /* Frameworks */,
			);
			sourceTree = "<group>";
		};
		8991693A28000624002BDA54 /* Products */ = {
			isa = PBXGroup;
			children = (
				8991693928000624002BDA54 /* 滤镜-GPUImage.app */,
			);
			name = Products;
			sourceTree = "<group>";
		};
		8991693B28000624002BDA54 /* 滤镜-GPUImage */ = {
			isa = PBXGroup;
			children = (
				8991693C28000624002BDA54 /* AppDelegate.swift */,
				8991694028000624002BDA54 /* ViewController.swift */,
				8991695A280026C0002BDA54 /* SkinCareCameraViewController.swift */,
				8991695828002060002BDA54 /* GaussianBlur.swift */,
				8991694228000624002BDA54 /* Main.storyboard */,
				899169452800062A002BDA54 /* Assets.xcassets */,
				899169472800062A002BDA54 /* LaunchScreen.storyboard */,
				8991694A2800062A002BDA54 /* Info.plist */,
			);
			path = "滤镜-GPUImage";
			sourceTree = "<group>";
		};
/* End PBXGroup section */

/* Begin PBXNativeTarget section */
		8991693828000624002BDA54 /* 滤镜-GPUImage */ = {
			isa = PBXNativeTarget;
			buildConfigurationList = 8991694D2800062A002BDA54 /* Build configuration list for PBXNativeTarget "滤镜-GPUImage" */;
			buildPhases = (
				DA82E44443822EF98BA98867 /* [CP] Check Pods Manifest.lock */,
				8991693528000624002BDA54 /* Sources */,
				8991693628000624002BDA54 /* Frameworks */,
				8991693728000624002BDA54 /* Resources */,
				D8921AD6DE685BBA2C3901EA /* [CP] Embed Pods Frameworks */,
				899169572800157F002BDA54 /* Embed Frameworks */,
			);
			buildRules = (
			);
			dependencies = (
			);
			name = "滤镜-GPUImage";
			productName = "滤镜-GPUImage";
			productReference = 8991693928000624002BDA54 /* 滤镜-GPUImage.app */;
			productType = "com.apple.product-type.application";
		};
/* End PBXNativeTarget section */

/* Begin PBXProject section */
		8991693128000623002BDA54 /* Project object */ = {
			isa = PBXProject;
			attributes = {
				BuildIndependentTargetsInParallel = 1;
				LastSwiftUpdateCheck = 1330;
				LastUpgradeCheck = 1330;
				TargetAttributes = {
					8991693828000624002BDA54 = {
						CreatedOnToolsVersion = 13.3;
					};
				};
			};
			buildConfigurationList = 8991693428000623002BDA54 /* Build configuration list for PBXProject "滤镜-GPUImage" */;
			compatibilityVersion = "Xcode 13.0";
			developmentRegion = en;
			hasScannedForEncodings = 0;
			knownRegions = (
				en,
				Base,
			);
			mainGroup = 8991693028000623002BDA54;
			productRefGroup = 8991693A28000624002BDA54 /* Products */;
			projectDirPath = "";
			projectRoot = "";
			targets = (
				8991693828000624002BDA54 /* 滤镜-GPUImage */,
			);
		};
/* End PBXProject section */

/* Begin PBXResourcesBuildPhase section */
		8991693728000624002BDA54 /* Resources */ = {
			isa = PBXResourcesBuildPhase;
			buildActionMask = 2147483647;
			files = (
				899169492800062A002BDA54 /* LaunchScreen.storyboard in Resources */,
				899169462800062A002BDA54 /* Assets.xcassets in Resources */,
				8991694428000624002BDA54 /* Main.storyboard in Resources */,
			);
			runOnlyForDeploymentPostprocessing = 0;
		};
/* End PBXResourcesBuildPhase section */

/* Begin PBXShellScriptBuildPhase section */
		D8921AD6DE685BBA2C3901EA /* [CP] Embed Pods Frameworks */ = {
			isa = PBXShellScriptBuildPhase;
			buildActionMask = 2147483647;
			files = (
			);
			inputFileListPaths = (
				"${PODS_ROOT}/Target Support Files/Pods-滤镜-GPUImage/Pods-滤镜-GPUImage-frameworks-${CONFIGURATION}-input-files.xcfilelist",
			);
			name = "[CP] Embed Pods Frameworks";
			outputFileListPaths = (
				"${PODS_ROOT}/Target Support Files/Pods-滤镜-GPUImage/Pods-滤镜-GPUImage-frameworks-${CONFIGURATION}-output-files.xcfilelist",
			);
			runOnlyForDeploymentPostprocessing = 0;
			shellPath = /bin/sh;
			shellScript = "\"${PODS_ROOT}/Target Support Files/Pods-滤镜-GPUImage/Pods-滤镜-GPUImage-frameworks.sh\"\n";
			showEnvVarsInLog = 0;
		};
		DA82E44443822EF98BA98867 /* [CP] Check Pods Manifest.lock */ = {
			isa = PBXShellScriptBuildPhase;
			buildActionMask = 2147483647;
			files = (
			);
			inputFileListPaths = (
			);
			inputPaths = (
				"${PODS_PODFILE_DIR_PATH}/Podfile.lock",
				"${PODS_ROOT}/Manifest.lock",
			);
			name = "[CP] Check Pods Manifest.lock";
			outputFileListPaths = (
			);
			outputPaths = (
				"$(DERIVED_FILE_DIR)/Pods-滤镜-GPUImage-checkManifestLockResult.txt",
			);
			runOnlyForDeploymentPostprocessing = 0;
			shellPath = /bin/sh;
			shellScript = "diff \"${PODS_PODFILE_DIR_PATH}/Podfile.lock\" \"${PODS_ROOT}/Manifest.lock\" > /dev/null\nif [ $? != 0 ] ; then\n    # print error to STDERR\n    echo \"error: The sandbox is not in sync with the Podfile.lock. Run 'pod install' or update your CocoaPods installation.\" >&2\n    exit 1\nfi\n# This output is used by Xcode 'outputs' to avoid re-running this script phase.\necho \"SUCCESS\" > \"${SCRIPT_OUTPUT_FILE_0}\"\n";
			showEnvVarsInLog = 0;
		};
/* End PBXShellScriptBuildPhase section */

/* Begin PBXSourcesBuildPhase section */
		8991693528000624002BDA54 /* Sources */ = {
			isa = PBXSourcesBuildPhase;
			buildActionMask = 2147483647;
			files = (
				8991694128000624002BDA54 /* ViewController.swift in Sources */,
				8991695B280026C0002BDA54 /* SkinCareCameraViewController.swift in Sources */,
				8991695928002060002BDA54 /* GaussianBlur.swift in Sources */,
				8991693D28000624002BDA54 /* AppDelegate.swift in Sources */,
			);
			runOnlyForDeploymentPostprocessing = 0;
		};
/* End PBXSourcesBuildPhase section */

/* Begin PBXVariantGroup section */
		8991694228000624002BDA54 /* Main.storyboard */ = {
			isa = PBXVariantGroup;
			children = (
				8991694328000624002BDA54 /* Base */,
			);
			name = Main.storyboard;
			sourceTree = "<group>";
		};
		899169472800062A002BDA54 /* LaunchScreen.storyboard */ = {
			isa = PBXVariantGroup;
			children = (
				899169482800062A002BDA54 /* Base */,
			);
			name = LaunchScreen.storyboard;
			sourceTree = "<group>";
		};
/* End PBXVariantGroup section */

/* Begin XCBuildConfiguration section */
		8991694B2800062A002BDA54 /* Debug */ = {
			isa = XCBuildConfiguration;
			buildSettings = {
				ALWAYS_SEARCH_USER_PATHS = NO;
				CLANG_ANALYZER_NONNULL = YES;
				CLANG_ANALYZER_NUMBER_OBJECT_CONVERSION = YES_AGGRESSIVE;
				CLANG_CXX_LANGUAGE_STANDARD = "gnu++17";
				CLANG_ENABLE_MODULES = YES;
				CLANG_ENABLE_OBJC_ARC = YES;
				CLANG_ENABLE_OBJC_WEAK = YES;
				CLANG_WARN_BLOCK_CAPTURE_AUTORELEASING = YES;
				CLANG_WARN_BOOL_CONVERSION = YES;
				CLANG_WARN_COMMA = YES;
				CLANG_WARN_CONSTANT_CONVERSION = YES;
				CLANG_WARN_DEPRECATED_OBJC_IMPLEMENTATIONS = YES;
				CLANG_WARN_DIRECT_OBJC_ISA_USAGE = YES_ERROR;
				CLANG_WARN_DOCUMENTATION_COMMENTS = YES;
				CLANG_WARN_EMPTY_BODY = YES;
				CLANG_WARN_ENUM_CONVERSION = YES;
				CLANG_WARN_INFINITE_RECURSION = YES;
				CLANG_WARN_INT_CONVERSION = YES;
				CLANG_WARN_NON_LITERAL_NULL_CONVERSION = YES;
				CLANG_WARN_OBJC_IMPLICIT_RETAIN_SELF = YES;
				CLANG_WARN_OBJC_LITERAL_CONVERSION = YES;
				CLANG_WARN_OBJC_ROOT_CLASS = YES_ERROR;
				CLANG_WARN_QUOTED_INCLUDE_IN_FRAMEWORK_HEADER = YES;
				CLANG_WARN_RANGE_LOOP_ANALYSIS = YES;
				CLANG_WARN_STRICT_PROTOTYPES = YES;
				CLANG_WARN_SUSPICIOUS_MOVE = YES;
				CLANG_WARN_UNGUARDED_AVAILABILITY = YES_AGGRESSIVE;
				CLANG_WARN_UNREACHABLE_CODE = YES;
				CLANG_WARN__DUPLICATE_METHOD_MATCH = YES;
				COPY_PHASE_STRIP = NO;
				DEBUG_INFORMATION_FORMAT = dwarf;
				ENABLE_STRICT_OBJC_MSGSEND = YES;
				ENABLE_TESTABILITY = YES;
				GCC_C_LANGUAGE_STANDARD = gnu11;
				GCC_DYNAMIC_NO_PIC = NO;
				GCC_NO_COMMON_BLOCKS = YES;
				GCC_OPTIMIZATION_LEVEL = 0;
				GCC_PREPROCESSOR_DEFINITIONS = (
					"DEBUG=1",
					"$(inherited)",
				);
				GCC_WARN_64_TO_32_BIT_CONVERSION = YES;
				GCC_WARN_ABOUT_RETURN_TYPE = YES_ERROR;
				GCC_WARN_UNDECLARED_SELECTOR = YES;
				GCC_WARN_UNINITIALIZED_AUTOS = YES_AGGRESSIVE;
				GCC_WARN_UNUSED_FUNCTION = YES;
				GCC_WARN_UNUSED_VARIABLE = YES;
				IPHONEOS_DEPLOYMENT_TARGET = 15.4;
				MTL_ENABLE_DEBUG_INFO = INCLUDE_SOURCE;
				MTL_FAST_MATH = YES;
				ONLY_ACTIVE_ARCH = YES;
				SDKROOT = iphoneos;
				SWIFT_ACTIVE_COMPILATION_CONDITIONS = DEBUG;
				SWIFT_OPTIMIZATION_LEVEL = "-Onone";
			};
			name = Debug;
		};
		8991694C2800062A002BDA54 /* Release */ = {
			isa = XCBuildConfiguration;
			buildSettings = {
				ALWAYS_SEARCH_USER_PATHS = NO;
				CLANG_ANALYZER_NONNULL = YES;
				CLANG_ANALYZER_NUMBER_OBJECT_CONVERSION = YES_AGGRESSIVE;
				CLANG_CXX_LANGUAGE_STANDARD = "gnu++17";
				CLANG_ENABLE_MODULES = YES;
				CLANG_ENABLE_OBJC_ARC = YES;
				CLANG_ENABLE_OBJC_WEAK = YES;
				CLANG_WARN_BLOCK_CAPTURE_AUTORELEASING = YES;
				CLANG_WARN_BOOL_CONVERSION = YES;
				CLANG_WARN_COMMA = YES;
				CLANG_WARN_CONSTANT_CONVERSION = YES;
				CLANG_WARN_DEPRECATED_OBJC_IMPLEMENTATIONS = YES;
				CLANG_WARN_DIRECT_OBJC_ISA_USAGE = YES_ERROR;
				CLANG_WARN_DOCUMENTATION_COMMENTS = YES;
				CLANG_WARN_EMPTY_BODY = YES;
				CLANG_WARN_ENUM_CONVERSION = YES;
				CLANG_WARN_INFINITE_RECURSION = YES;
				CLANG_WARN_INT_CONVERSION = YES;
				CLANG_WARN_NON_LITERAL_NULL_CONVERSION = YES;
				CLANG_WARN_OBJC_IMPLICIT_RETAIN_SELF = YES;
				CLANG_WARN_OBJC_LITERAL_CONVERSION = YES;
				CLANG_WARN_OBJC_ROOT_CLASS = YES_ERROR;
				CLANG_WARN_QUOTED_INCLUDE_IN_FRAMEWORK_HEADER = YES;
				CLANG_WARN_RANGE_LOOP_ANALYSIS = YES;
				CLANG_WARN_STRICT_PROTOTYPES = YES;
				CLANG_WARN_SUSPICIOUS_MOVE = YES;
				CLANG_WARN_UNGUARDED_AVAILABILITY = YES_AGGRESSIVE;
				CLANG_WARN_UNREACHABLE_CODE = YES;
				CLANG_WARN__DUPLICATE_METHOD_MATCH = YES;
				COPY_PHASE_STRIP = NO;
				DEBUG_INFORMATION_FORMAT = "dwarf-with-dsym";
				ENABLE_NS_ASSERTIONS = NO;
				ENABLE_STRICT_OBJC_MSGSEND = YES;
				GCC_C_LANGUAGE_STANDARD = gnu11;
				GCC_NO_COMMON_BLOCKS = YES;
				GCC_WARN_64_TO_32_BIT_CONVERSION = YES;
				GCC_WARN_ABOUT_RETURN_TYPE = YES_ERROR;
				GCC_WARN_UNDECLARED_SELECTOR = YES;
				GCC_WARN_UNINITIALIZED_AUTOS = YES_AGGRESSIVE;
				GCC_WARN_UNUSED_FUNCTION = YES;
				GCC_WARN_UNUSED_VARIABLE = YES;
				IPHONEOS_DEPLOYMENT_TARGET = 15.4;
				MTL_ENABLE_DEBUG_INFO = NO;
				MTL_FAST_MATH = YES;
				SDKROOT = iphoneos;
				SWIFT_COMPILATION_MODE = wholemodule;
				SWIFT_OPTIMIZATION_LEVEL = "-O";
				VALIDATE_PRODUCT = YES;
			};
			name = Release;
		};
		8991694E2800062A002BDA54 /* Debug */ = {
			isa = XCBuildConfiguration;
			baseConfigurationReference = FF63C36DF0F196610C960841 /* Pods-滤镜-GPUImage.debug.xcconfig */;
			buildSettings = {
				ASSETCATALOG_COMPILER_APPICON_NAME = AppIcon;
				ASSETCATALOG_COMPILER_GLOBAL_ACCENT_COLOR_NAME = AccentColor;
				CODE_SIGN_STYLE = Automatic;
				CURRENT_PROJECT_VERSION = 1;
				DEVELOPMENT_TEAM = W3WX9TN82K;
				GENERATE_INFOPLIST_FILE = YES;
				INFOPLIST_FILE = "滤镜-GPUImage/Info.plist";
				INFOPLIST_KEY_NSCameraUsageDescription = 0000;
				INFOPLIST_KEY_UIApplicationSupportsIndirectInputEvents = YES;
				INFOPLIST_KEY_UILaunchStoryboardName = LaunchScreen;
				INFOPLIST_KEY_UIMainStoryboardFile = Main;
				INFOPLIST_KEY_UISupportedInterfaceOrientations = UIInterfaceOrientationPortrait;
				INFOPLIST_KEY_UISupportedInterfaceOrientations_iPad = "UIInterfaceOrientationPortrait UIInterfaceOrientationPortraitUpsideDown UIInterfaceOrientationLandscapeLeft UIInterfaceOrientationLandscapeRight";
				INFOPLIST_KEY_UISupportedInterfaceOrientations_iPhone = "UIInterfaceOrientationPortrait UIInterfaceOrientationLandscapeLeft UIInterfaceOrientationLandscapeRight";
				IPHONEOS_DEPLOYMENT_TARGET = 12.0;
				LD_RUNPATH_SEARCH_PATHS = (
					"$(inherited)",
					"@executable_path/Frameworks",
				);
				MARKETING_VERSION = 1.0;
				OTHER_LDFLAGS = (
					"$(inherited)",
					"-framework",
					"\"AVFoundation\"",
					"-framework",
					"\"CoreMedia\"",
					"-framework",
					"\"GPUImage\"",
					"-framework",
					"\"OpenGLES\"",
					"-framework",
					"\"QuartzCore\"",
					"-Objc",
				);
				PRODUCT_BUNDLE_IDENTIFIER = "com.avmotion.cn.---GPUImage";
				PRODUCT_NAME = "$(TARGET_NAME)";
				SWIFT_EMIT_LOC_STRINGS = YES;
				SWIFT_VERSION = 5.0;
				TARGETED_DEVICE_FAMILY = 1;
			};
			name = Debug;
		};
		8991694F2800062A002BDA54 /* Release */ = {
			isa = XCBuildConfiguration;
			baseConfigurationReference = DB01454862387CAB80DF44CD /* Pods-滤镜-GPUImage.release.xcconfig */;
			buildSettings = {
				ASSETCATALOG_COMPILER_APPICON_NAME = AppIcon;
				ASSETCATALOG_COMPILER_GLOBAL_ACCENT_COLOR_NAME = AccentColor;
				CODE_SIGN_STYLE = Automatic;
				CURRENT_PROJECT_VERSION = 1;
				DEVELOPMENT_TEAM = W3WX9TN82K;
				GENERATE_INFOPLIST_FILE = YES;
				INFOPLIST_FILE = "滤镜-GPUImage/Info.plist";
				INFOPLIST_KEY_NSCameraUsageDescription = 0000;
				INFOPLIST_KEY_UIApplicationSupportsIndirectInputEvents = YES;
				INFOPLIST_KEY_UILaunchStoryboardName = LaunchScreen;
				INFOPLIST_KEY_UIMainStoryboardFile = Main;
				INFOPLIST_KEY_UISupportedInterfaceOrientations = UIInterfaceOrientationPortrait;
				INFOPLIST_KEY_UISupportedInterfaceOrientations_iPad = "UIInterfaceOrientationPortrait UIInterfaceOrientationPortraitUpsideDown UIInterfaceOrientationLandscapeLeft UIInterfaceOrientationLandscapeRight";
				INFOPLIST_KEY_UISupportedInterfaceOrientations_iPhone = "UIInterfaceOrientationPortrait UIInterfaceOrientationLandscapeLeft UIInterfaceOrientationLandscapeRight";
				IPHONEOS_DEPLOYMENT_TARGET = 12.0;
				LD_RUNPATH_SEARCH_PATHS = (
					"$(inherited)",
					"@executable_path/Frameworks",
				);
				MARKETING_VERSION = 1.0;
				OTHER_LDFLAGS = (
					"$(inherited)",
					"-framework",
					"\"AVFoundation\"",
					"-framework",
					"\"CoreMedia\"",
					"-framework",
					"\"GPUImage\"",
					"-framework",
					"\"OpenGLES\"",
					"-framework",
					"\"QuartzCore\"",
					"-Objc",
				);
				PRODUCT_BUNDLE_IDENTIFIER = "com.avmotion.cn.---GPUImage";
				PRODUCT_NAME = "$(TARGET_NAME)";
				SWIFT_EMIT_LOC_STRINGS = YES;
				SWIFT_VERSION = 5.0;
				TARGETED_DEVICE_FAMILY = 1;
			};
			name = Release;
		};
/* End XCBuildConfiguration section */

/* Begin XCConfigurationList section */
		8991693428000623002BDA54 /* Build configuration list for PBXProject "滤镜-GPUImage" */ = {
			isa = XCConfigurationList;
			buildConfigurations = (
				8991694B2800062A002BDA54 /* Debug */,
				8991694C2800062A002BDA54 /* Release */,
			);
			defaultConfigurationIsVisible = 0;
			defaultConfigurationName = Release;
		};
		8991694D2800062A002BDA54 /* Build configuration list for PBXNativeTarget "滤镜-GPUImage" */ = {
			isa = XCConfigurationList;
			buildConfigurations = (
				8991694E2800062A002BDA54 /* Debug */,
				8991694F2800062A002BDA54 /* Release */,
			);
			defaultConfigurationIsVisible = 0;
			defaultConfigurationName = Release;
		};
/* End XCConfigurationList section */
	};
	rootObject = 8991693128000623002BDA54 /* Project object */;
}
